
Microsoft Visual Studio Solution File, Format Version 12.00
# Visual Studio Version 17
VisualStudioVersion = 17.8.34309.116
MinimumVisualStudioVersion = 10.0.40219.1
Project("{6EC3EE1D-3C4E-46DD-8F32-0CC8E7565705}") = "AdventOfCode2023.Day1", "AdventOfCode2023.Day1\AdventOfCode2023.Day1.fsproj", "{9AF1418D-E0E7-41E4-AD16-13FE0C54AFA6}"
EndProject
Project("{6EC3EE1D-3C4E-46DD-8F32-0CC8E7565705}") = "AdventOfCode2023.Day1Part2", "AdventOfCode2023.Day1Part2\AdventOfCode2023.Day1Part2.fsproj", "{8399358C-E549-46D6-B753-C75DF68AC8EE}"
EndProject
Project("{F2A71F9B-5D33-465A-A702-920D77279786}") = "AdventOfCode2023.Day2", "AdventOfCode2023.Day2\AdventOfCode2023.Day2.fsproj", "{0D6566D2-D9D9-44F4-83E9-C77BC893E747}"
EndProject
Project("{F2A71F9B-5D33-465A-A702-920D77279786}") = "AdventOfCode2023.Day2Part2", "AdventOfCode2023.Day2Part2\AdventOfCode2023.Day2Part2.fsproj", "{C13BCD4C-6B26-4E43-9A55-E08AE5A09857}"
EndProject
Project("{F2A71F9B-5D33-465A-A702-920D77279786}") = "AdventOfCode2023.Day3", "AdventOfCode2023.Day3\AdventOfCode2023.Day3.fsproj", "{6398F29A-E13D-4F9D-AC9A-3F582B2BC920}"
EndProject
Global
	GlobalSection(SolutionConfigurationPlatforms) = preSolution
		Debug|Any CPU = Debug|Any CPU
		Release|Any CPU = Release|Any CPU
	EndGlobalSection
	GlobalSection(ProjectConfigurationPlatforms) = postSolution
		{9AF1418D-E0E7-41E4-AD16-13FE0C54AFA6}.Debug|Any CPU.ActiveCfg = Debug|Any CPU
		{9AF1418D-E0E7-41E4-AD16-13FE0C54AFA6}.Debug|Any CPU.Build.0 = Debug|Any CPU
		{9AF1418D-E0E7-41E4-AD16-13FE0C54AFA6}.Release|Any CPU.ActiveCfg = Release|Any CPU
		{9AF1418D-E0E7-41E4-AD16-13FE0C54AFA6}.Release|Any CPU.Build.0 = Release|Any CPU
		{8399358C-E549-46D6-B753-C75DF68AC8EE}.Debug|Any CPU.ActiveCfg = Debug|Any CPU
		{8399358C-E549-46D6-B753-C75DF68AC8EE}.Debug|Any CPU.Build.0 = Debug|Any CPU
		{8399358C-E549-46D6-B753-C75DF68AC8EE}.Release|Any CPU.ActiveCfg = Release|Any CPU
		{8399358C-E549-46D6-B753-C75DF68AC8EE}.Release|Any CPU.Build.0 = Release|Any CPU
		{0D6566D2-D9D9-44F4-83E9-C77BC893E747}.Debug|Any CPU.ActiveCfg = Debug|Any CPU
		{0D6566D2-D9D9-44F4-83E9-C77BC893E747}.Debug|Any CPU.Build.0 = Debug|Any CPU
		{0D6566D2-D9D9-44F4-83E9-C77BC893E747}.Release|Any CPU.ActiveCfg = Release|Any CPU
		{0D6566D2-D9D9-44F4-83E9-C77BC893E747}.Release|Any CPU.Build.0 = Release|Any CPU
		{C13BCD4C-6B26-4E43-9A55-E08AE5A09857}.Debug|Any CPU.ActiveCfg = Debug|Any CPU
		{C13BCD4C-6B26-4E43-9A55-E08AE5A09857}.Debug|Any CPU.Build.0 = Debug|Any CPU
		{C13BCD4C-6B26-4E43-9A55-E08AE5A09857}.Release|Any CPU.ActiveCfg = Release|Any CPU
		{C13BCD4C-6B26-4E43-9A55-E08AE5A09857}.Release|Any CPU.Build.0 = Release|Any CPU
		{6398F29A-E13D-4F9D-AC9A-3F582B2BC920}.Debug|Any CPU.ActiveCfg = Debug|Any CPU
		{6398F29A-E13D-4F9D-AC9A-3F582B2BC920}.Debug|Any CPU.Build.0 = Debug|Any CPU
		{6398F29A-E13D-4F9D-AC9A-3F582B2BC920}.Release|Any CPU.ActiveCfg = Release|Any CPU
		{6398F29A-E13D-4F9D-AC9A-3F582B2BC920}.Release|Any CPU.Build.0 = Release|Any CPU
	EndGlobalSection
	GlobalSection(SolutionProperties) = preSolution
		HideSolutionNode = FALSE
	EndGlobalSection
	GlobalSection(ExtensibilityGlobals) = postSolution
		SolutionGuid = {F8C5A7B2-8891-4DDC-A8EF-A321B9DA01F1}
	EndGlobalSection
EndGlobal
